// !$*UTF8*$!
{
	archiveVersion = 1;
	classes = {
	};
	objectVersion = 46;
	objects = {

/* Begin PBXBuildFile section */
		87EF942D002A12D2BFF2BFFB /* libPods.a in Frameworks */ = {isa = PBXBuildFile; fileRef = 7E7993B059275A1A0CAA751A /* libPods.a */; };
		A7AF1E851A617745004AA0FF /* main.m in Sources */ = {isa = PBXBuildFile; fileRef = A7AF1E841A617745004AA0FF /* main.m */; };
		A7AF1E881A617745004AA0FF /* AppDelegate.m in Sources */ = {isa = PBXBuildFile; fileRef = A7AF1E871A617745004AA0FF /* AppDelegate.m */; };
		A7AF1E8B1A617745004AA0FF /* ViewController.m in Sources */ = {isa = PBXBuildFile; fileRef = A7AF1E8A1A617745004AA0FF /* ViewController.m */; };
		A7AF1E8E1A617745004AA0FF /* Main.storyboard in Resources */ = {isa = PBXBuildFile; fileRef = A7AF1E8C1A617745004AA0FF /* Main.storyboard */; };
		A7AF1E901A617745004AA0FF /* Images.xcassets in Resources */ = {isa = PBXBuildFile; fileRef = A7AF1E8F1A617745004AA0FF /* Images.xcassets */; };
		A7AF1E931A617745004AA0FF /* LaunchScreen.xib in Resources */ = {isa = PBXBuildFile; fileRef = A7AF1E911A617745004AA0FF /* LaunchScreen.xib */; };
		A7AF1E9F1A617745004AA0FF /* TravisTestTests.m in Sources */ = {isa = PBXBuildFile; fileRef = A7AF1E9E1A617745004AA0FF /* TravisTestTests.m */; };
/* End PBXBuildFile section */

/* Begin PBXContainerItemProxy section */
		A7AF1E991A617745004AA0FF /* PBXContainerItemProxy */ = {
			isa = PBXContainerItemProxy;
			containerPortal = A7AF1E771A617745004AA0FF /* Project object */;
			proxyType = 1;
			remoteGlobalIDString = A7AF1E7E1A617745004AA0FF;
			remoteInfo = TravisTest;
		};
/* End PBXContainerItemProxy section */

/* Begin PBXFileReference section */
		15898D9052FFCD61D5738029 /* Pods.release.xcconfig */ = {isa = PBXFileReference; includeInIndex = 1; lastKnownFileType = text.xcconfig; name = Pods.release.xcconfig; path = "Pods/Target Support Files/Pods/Pods.release.xcconfig"; sourceTree = "<group>"; };
		7E7993B059275A1A0CAA751A /* libPods.a */ = {isa = PBXFileReference; explicitFileType = archive.ar; includeInIndex = 0; path = libPods.a; sourceTree = BUILT_PRODUCTS_DIR; };
		833BF70B34EFF2A49B629AF7 /* Pods.debug.xcconfig */ = {isa = PBXFileReference; includeInIndex = 1; lastKnownFileType = text.xcconfig; name = Pods.debug.xcconfig; path = "Pods/Target Support Files/Pods/Pods.debug.xcconfig"; sourceTree = "<group>"; };
		A7AF1E7F1A617745004AA0FF /* TravisTest.app */ = {isa = PBXFileReference; explicitFileType = wrapper.application; includeInIndex = 0; path = TravisTest.app; sourceTree = BUILT_PRODUCTS_DIR; };
		A7AF1E831A617745004AA0FF /* Info.plist */ = {isa = PBXFileReference; lastKnownFileType = text.plist.xml; path = Info.plist; sourceTree = "<group>"; };
		A7AF1E841A617745004AA0FF /* main.m */ = {isa = PBXFileReference; lastKnownFileType = sourcecode.c.objc; path = main.m; sourceTree = "<group>"; };
		A7AF1E861A617745004AA0FF /* AppDelegate.h */ = {isa = PBXFileReference; lastKnownFileType = sourcecode.c.h; path = AppDelegate.h; sourceTree = "<group>"; };
		A7AF1E871A617745004AA0FF /* AppDelegate.m */ = {isa = PBXFileReference; lastKnownFileType = sourcecode.c.objc; path = AppDelegate.m; sourceTree = "<group>"; };
		A7AF1E891A617745004AA0FF /* ViewController.h */ = {isa = PBXFileReference; lastKnownFileType = sourcecode.c.h; path = ViewController.h; sourceTree = "<group>"; };
		A7AF1E8A1A617745004AA0FF /* ViewController.m */ = {isa = PBXFileReference; lastKnownFileType = sourcecode.c.objc; path = ViewController.m; sourceTree = "<group>"; };
		A7AF1E8D1A617745004AA0FF /* Base */ = {isa = PBXFileReference; lastKnownFileType = file.storyboard; name = Base; path = Base.lproj/Main.storyboard; sourceTree = "<group>"; };
		A7AF1E8F1A617745004AA0FF /* Images.xcassets */ = {isa = PBXFileReference; lastKnownFileType = folder.assetcatalog; path = Images.xcassets; sourceTree = "<group>"; };
		A7AF1E921A617745004AA0FF /* Base */ = {isa = PBXFileReference; lastKnownFileType = file.xib; name = Base; path = Base.lproj/LaunchScreen.xib; sourceTree = "<group>"; };
		A7AF1E981A617745004AA0FF /* TravisTestTests.xctest */ = {isa = PBXFileReference; explicitFileType = wrapper.cfbundle; includeInIndex = 0; path = TravisTestTests.xctest; sourceTree = BUILT_PRODUCTS_DIR; };
		A7AF1E9D1A617745004AA0FF /* Info.plist */ = {isa = PBXFileReference; lastKnownFileType = text.plist.xml; path = Info.plist; sourceTree = "<group>"; };
		A7AF1E9E1A617745004AA0FF /* TravisTestTests.m */ = {isa = PBXFileReference; lastKnownFileType = sourcecode.c.objc; path = TravisTestTests.m; sourceTree = "<group>"; };
/* End PBXFileReference section */

/* Begin PBXFrameworksBuildPhase section */
		A7AF1E7C1A617745004AA0FF /* Frameworks */ = {
			isa = PBXFrameworksBuildPhase;
			buildActionMask = 2147483647;
			files = (
				87EF942D002A12D2BFF2BFFB /* libPods.a in Frameworks */,
			);
			runOnlyForDeploymentPostprocessing = 0;
		};
		A7AF1E951A617745004AA0FF /* Frameworks */ = {
			isa = PBXFrameworksBuildPhase;
			buildActionMask = 2147483647;
			files = (
			);
			runOnlyForDeploymentPostprocessing = 0;
		};
/* End PBXFrameworksBuildPhase section */

/* Begin PBXGroup section */
		33F02A6578479C4FBFAADED0 /* Frameworks */ = {
			isa = PBXGroup;
			children = (
				7E7993B059275A1A0CAA751A /* libPods.a */,
			);
			name = Frameworks;
			sourceTree = "<group>";
		};
		517CD761969B9167511FDDE3 /* Pods */ = {
			isa = PBXGroup;
			children = (
				833BF70B34EFF2A49B629AF7 /* Pods.debug.xcconfig */,
				15898D9052FFCD61D5738029 /* Pods.release.xcconfig */,
			);
			name = Pods;
			sourceTree = "<group>";
		};
		A7AF1E761A617745004AA0FF = {
			isa = PBXGroup;
			children = (
				A7AF1E811A617745004AA0FF /* TravisTest */,
				A7AF1E9B1A617745004AA0FF /* TravisTestTests */,
				A7AF1E801A617745004AA0FF /* Products */,
				517CD761969B9167511FDDE3 /* Pods */,
				33F02A6578479C4FBFAADED0 /* Frameworks */,
			);
			sourceTree = "<group>";
		};
		A7AF1E801A617745004AA0FF /* Products */ = {
			isa = PBXGroup;
			children = (
				A7AF1E7F1A617745004AA0FF /* TravisTest.app */,
				A7AF1E981A617745004AA0FF /* TravisTestTests.xctest */,
			);
			name = Products;
			sourceTree = "<group>";
		};
		A7AF1E811A617745004AA0FF /* TravisTest */ = {
			isa = PBXGroup;
			children = (
				A7AF1E861A617745004AA0FF /* AppDelegate.h */,
				A7AF1E871A617745004AA0FF /* AppDelegate.m */,
				A7AF1E891A617745004AA0FF /* ViewController.h */,
				A7AF1E8A1A617745004AA0FF /* ViewController.m */,
				A7AF1E8C1A617745004AA0FF /* Main.storyboard */,
				A7AF1E8F1A617745004AA0FF /* Images.xcassets */,
				A7AF1E911A617745004AA0FF /* LaunchScreen.xib */,
				A7AF1E821A617745004AA0FF /* Supporting Files */,
			);
			path = TravisTest;
			sourceTree = "<group>";
		};
		A7AF1E821A617745004AA0FF /* Supporting Files */ = {
			isa = PBXGroup;
			children = (
				A7AF1E831A617745004AA0FF /* Info.plist */,
				A7AF1E841A617745004AA0FF /* main.m */,
			);
			name = "Supporting Files";
			sourceTree = "<group>";
		};
		A7AF1E9B1A617745004AA0FF /* TravisTestTests */ = {
			isa = PBXGroup;
			children = (
				A7AF1E9E1A617745004AA0FF /* TravisTestTests.m */,
				A7AF1E9C1A617745004AA0FF /* Supporting Files */,
			);
			path = TravisTestTests;
			sourceTree = "<group>";
		};
		A7AF1E9C1A617745004AA0FF /* Supporting Files */ = {
			isa = PBXGroup;
			children = (
				A7AF1E9D1A617745004AA0FF /* Info.plist */,
			);
			name = "Supporting Files";
			sourceTree = "<group>";
		};
/* End PBXGroup section */

/* Begin PBXNativeTarget section */
		A7AF1E7E1A617745004AA0FF /* TravisTest */ = {
			isa = PBXNativeTarget;
			buildConfigurationList = A7AF1EA21A617745004AA0FF /* Build configuration list for PBXNativeTarget "TravisTest" */;
			buildPhases = (
				ABB5997A64F8A7C70E156250 /* Check Pods Manifest.lock */,
				A7AF1E7B1A617745004AA0FF /* Sources */,
				A7AF1E7C1A617745004AA0FF /* Frameworks */,
				A7AF1E7D1A617745004AA0FF /* Resources */,
				2B6A4537548C77E28EFF6F4E /* Copy Pods Resources */,
			);
			buildRules = (
			);
			dependencies = (
			);
			name = TravisTest;
			productName = TravisTest;
			productReference = A7AF1E7F1A617745004AA0FF /* TravisTest.app */;
			productType = "com.apple.product-type.application";
		};
		A7AF1E971A617745004AA0FF /* TravisTestTests */ = {
			isa = PBXNativeTarget;
			buildConfigurationList = A7AF1EA51A617745004AA0FF /* Build configuration list for PBXNativeTarget "TravisTestTests" */;
			buildPhases = (
				A7AF1E941A617745004AA0FF /* Sources */,
				A7AF1E951A617745004AA0FF /* Frameworks */,
				A7AF1E961A617745004AA0FF /* Resources */,
			);
			buildRules = (
			);
			dependencies = (
				A7AF1E9A1A617745004AA0FF /* PBXTargetDependency */,
			);
			name = TravisTestTests;
			productName = TravisTestTests;
			productReference = A7AF1E981A617745004AA0FF /* TravisTestTests.xctest */;
			productType = "com.apple.product-type.bundle.unit-test";
		};
/* End PBXNativeTarget section */

/* Begin PBXProject section */
		A7AF1E771A617745004AA0FF /* Project object */ = {
			isa = PBXProject;
			attributes = {
				LastUpgradeCheck = 0610;
				ORGANIZATIONNAME = "Sergii Kryvoblotskyi";
				TargetAttributes = {
					A7AF1E7E1A617745004AA0FF = {
						CreatedOnToolsVersion = 6.1.1;
						DevelopmentTeam = 3A5U6YJ8JE;
					};
					A7AF1E971A617745004AA0FF = {
						CreatedOnToolsVersion = 6.1.1;
						TestTargetID = A7AF1E7E1A617745004AA0FF;
					};
				};
			};
			buildConfigurationList = A7AF1E7A1A617745004AA0FF /* Build configuration list for PBXProject "TravisTest" */;
			compatibilityVersion = "Xcode 3.2";
			developmentRegion = English;
			hasScannedForEncodings = 0;
			knownRegions = (
				en,
				Base,
			);
			mainGroup = A7AF1E761A617745004AA0FF;
			productRefGroup = A7AF1E801A617745004AA0FF /* Products */;
			projectDirPath = "";
			projectRoot = "";
			targets = (
				A7AF1E7E1A617745004AA0FF /* TravisTest */,
				A7AF1E971A617745004AA0FF /* TravisTestTests */,
			);
		};
/* End PBXProject section */

/* Begin PBXResourcesBuildPhase section */
		A7AF1E7D1A617745004AA0FF /* Resources */ = {
			isa = PBXResourcesBuildPhase;
			buildActionMask = 2147483647;
			files = (
				A7AF1E8E1A617745004AA0FF /* Main.storyboard in Resources */,
				A7AF1E931A617745004AA0FF /* LaunchScreen.xib in Resources */,
				A7AF1E901A617745004AA0FF /* Images.xcassets in Resources */,
			);
			runOnlyForDeploymentPostprocessing = 0;
		};
		A7AF1E961A617745004AA0FF /* Resources */ = {
			isa = PBXResourcesBuildPhase;
			buildActionMask = 2147483647;
			files = (
			);
			runOnlyForDeploymentPostprocessing = 0;
		};
/* End PBXResourcesBuildPhase section */

/* Begin PBXShellScriptBuildPhase section */
		2B6A4537548C77E28EFF6F4E /* Copy Pods Resources */ = {
			isa = PBXShellScriptBuildPhase;
			buildActionMask = 2147483647;
			files = (
			);
			inputPaths = (
			);
			name = "Copy Pods Resources";
			outputPaths = (
			);
			runOnlyForDeploymentPostprocessing = 0;
			shellPath = /bin/sh;
			shellScript = "\"${SRCROOT}/Pods/Target Support Files/Pods/Pods-resources.sh\"\n";
			showEnvVarsInLog = 0;
		};
		ABB5997A64F8A7C70E156250 /* Check Pods Manifest.lock */ = {
			isa = PBXShellScriptBuildPhase;
			buildActionMask = 2147483647;
			files = (
			);
			inputPaths = (
			);
			name = "Check Pods Manifest.lock";
			outputPaths = (
			);
			runOnlyForDeploymentPostprocessing = 0;
			shellPath = /bin/sh;
			shellScript = "diff \"${PODS_ROOT}/../Podfile.lock\" \"${PODS_ROOT}/Manifest.lock\" > /dev/null\nif [[ $? != 0 ]] ; then\n    cat << EOM\nerror: The sandbox is not in sync with the Podfile.lock. Run 'pod install' or update your CocoaPods installation.\nEOM\n    exit 1\nfi\n";
			showEnvVarsInLog = 0;
		};
/* End PBXShellScriptBuildPhase section */

/* Begin PBXSourcesBuildPhase section */
		A7AF1E7B1A617745004AA0FF /* Sources */ = {
			isa = PBXSourcesBuildPhase;
			buildActionMask = 2147483647;
			files = (
				A7AF1E8B1A617745004AA0FF /* ViewController.m in Sources */,
				A7AF1E881A617745004AA0FF /* AppDelegate.m in Sources */,
				A7AF1E851A617745004AA0FF /* main.m in Sources */,
			);
			runOnlyForDeploymentPostprocessing = 0;
		};
		A7AF1E941A617745004AA0FF /* Sources */ = {
			isa = PBXSourcesBuildPhase;
			buildActionMask = 2147483647;
			files = (
				A7AF1E9F1A617745004AA0FF /* TravisTestTests.m in Sources */,
			);
			runOnlyForDeploymentPostprocessing = 0;
		};
/* End PBXSourcesBuildPhase section */

/* Begin PBXTargetDependency section */
		A7AF1E9A1A617745004AA0FF /* PBXTargetDependency */ = {
			isa = PBXTargetDependency;
			target = A7AF1E7E1A617745004AA0FF /* TravisTest */;
			targetProxy = A7AF1E991A617745004AA0FF /* PBXContainerItemProxy */;
		};
/* End PBXTargetDependency section */

/* Begin PBXVariantGroup section */
		A7AF1E8C1A617745004AA0FF /* Main.storyboard */ = {
			isa = PBXVariantGroup;
			children = (
				A7AF1E8D1A617745004AA0FF /* Base */,
			);
			name = Main.storyboard;
			sourceTree = "<group>";
		};
		A7AF1E911A617745004AA0FF /* LaunchScreen.xib */ = {
			isa = PBXVariantGroup;
			children = (
				A7AF1E921A617745004AA0FF /* Base */,
			);
			name = LaunchScreen.xib;
			sourceTree = "<group>";
		};
/* End PBXVariantGroup section */

/* Begin XCBuildConfiguration section */
		A7AF1EA01A617745004AA0FF /* Debug */ = {
			isa = XCBuildConfiguration;
			buildSettings = {
				ALWAYS_SEARCH_USER_PATHS = NO;
				CLANG_CXX_LANGUAGE_STANDARD = "gnu++0x";
				CLANG_CXX_LIBRARY = "libc++";
				CLANG_ENABLE_MODULES = YES;
				CLANG_ENABLE_OBJC_ARC = YES;
				CLANG_WARN_BOOL_CONVERSION = YES;
				CLANG_WARN_CONSTANT_CONVERSION = YES;
				CLANG_WARN_DIRECT_OBJC_ISA_USAGE = YES_ERROR;
				CLANG_WARN_EMPTY_BODY = YES;
				CLANG_WARN_ENUM_CONVERSION = YES;
				CLANG_WARN_INT_CONVERSION = YES;
				CLANG_WARN_OBJC_ROOT_CLASS = YES_ERROR;
				CLANG_WARN_UNREACHABLE_CODE = YES;
				CLANG_WARN__DUPLICATE_METHOD_MATCH = YES;
				"CODE_SIGN_IDENTITY[sdk=iphoneos*]" = "iPhone Developer";
				COPY_PHASE_STRIP = NO;
				ENABLE_STRICT_OBJC_MSGSEND = YES;
				GCC_C_LANGUAGE_STANDARD = gnu99;
				GCC_DYNAMIC_NO_PIC = NO;
				GCC_OPTIMIZATION_LEVEL = 0;
				GCC_PREPROCESSOR_DEFINITIONS = (
					"DEBUG=1",
					"$(inherited)",
				);
				GCC_SYMBOLS_PRIVATE_EXTERN = NO;
				GCC_WARN_64_TO_32_BIT_CONVERSION = YES;
				GCC_WARN_ABOUT_RETURN_TYPE = YES_ERROR;
				GCC_WARN_UNDECLARED_SELECTOR = YES;
				GCC_WARN_UNINITIALIZED_AUTOS = YES_AGGRESSIVE;
				GCC_WARN_UNUSED_FUNCTION = YES;
				GCC_WARN_UNUSED_VARIABLE = YES;
				IPHONEOS_DEPLOYMENT_TARGET = 8.1;
				MTL_ENABLE_DEBUG_INFO = YES;
				ONLY_ACTIVE_ARCH = YES;
				SDKROOT = iphoneos;
			};
			name = Debug;
		};
		A7AF1EA11A617745004AA0FF /* Release */ = {
			isa = XCBuildConfiguration;
			buildSettings = {
				ALWAYS_SEARCH_USER_PATHS = NO;
				CLANG_CXX_LANGUAGE_STANDARD = "gnu++0x";
				CLANG_CXX_LIBRARY = "libc++";
				CLANG_ENABLE_MODULES = YES;
				CLANG_ENABLE_OBJC_ARC = YES;
				CLANG_WARN_BOOL_CONVERSION = YES;
				CLANG_WARN_CONSTANT_CONVERSION = YES;
				CLANG_WARN_DIRECT_OBJC_ISA_USAGE = YES_ERROR;
				CLANG_WARN_EMPTY_BODY = YES;
				CLANG_WARN_ENUM_CONVERSION = YES;
				CLANG_WARN_INT_CONVERSION = YES;
				CLANG_WARN_OBJC_ROOT_CLASS = YES_ERROR;
				CLANG_WARN_UNREACHABLE_CODE = YES;
				CLANG_WARN__DUPLICATE_METHOD_MATCH = YES;
				"CODE_SIGN_IDENTITY[sdk=iphoneos*]" = "iPhone Developer";
				COPY_PHASE_STRIP = YES;
				ENABLE_NS_ASSERTIONS = NO;
				ENABLE_STRICT_OBJC_MSGSEND = YES;
				GCC_C_LANGUAGE_STANDARD = gnu99;
				GCC_WARN_64_TO_32_BIT_CONVERSION = YES;
				GCC_WARN_ABOUT_RETURN_TYPE = YES_ERROR;
				GCC_WARN_UNDECLARED_SELECTOR = YES;
				GCC_WARN_UNINITIALIZED_AUTOS = YES_AGGRESSIVE;
				GCC_WARN_UNUSED_FUNCTION = YES;
				GCC_WARN_UNUSED_VARIABLE = YES;
				IPHONEOS_DEPLOYMENT_TARGET = 8.1;
				MTL_ENABLE_DEBUG_INFO = NO;
				SDKROOT = iphoneos;
				VALIDATE_PRODUCT = YES;
			};
			name = Release;
		};
		A7AF1EA31A617745004AA0FF /* Debug */ = {
			isa = XCBuildConfiguration;
			baseConfigurationReference = 833BF70B34EFF2A49B629AF7 /* Pods.debug.xcconfig */;
			buildSettings = {
				ASSETCATALOG_COMPILER_APPICON_NAME = AppIcon;
				CODE_SIGN_IDENTITY = "iPhone Developer";
				INFOPLIST_FILE = TravisTest/Info.plist;
				LD_RUNPATH_SEARCH_PATHS = "$(inherited) @executable_path/Frameworks";
				PRODUCT_NAME = "$(TARGET_NAME)";
			};
			name = Debug;
		};
		A7AF1EA41A617745004AA0FF /* Release */ = {
			isa = XCBuildConfiguration;
			baseConfigurationReference = 15898D9052FFCD61D5738029 /* Pods.release.xcconfig */;
			buildSettings = {
				ASSETCATALOG_COMPILER_APPICON_NAME = AppIcon;
				CODE_SIGN_IDENTITY = "iPhone Distribution";
				"CODE_SIGN_IDENTITY[sdk=iphoneos*]" = "iPhone Distribution";
				INFOPLIST_FILE = TravisTest/Info.plist;
				LD_RUNPATH_SEARCH_PATHS = "$(inherited) @executable_path/Frameworks";
				PRODUCT_NAME = "$(TARGET_NAME)";
			};
			name = Release;
		};
		A7AF1EA61A617745004AA0FF /* Debug */ = {
			isa = XCBuildConfiguration;
			buildSettings = {
				BUNDLE_LOADER = "$(TEST_HOST)";
				FRAMEWORK_SEARCH_PATHS = (
					"$(SDKROOT)/Developer/Library/Frameworks",
					"$(inherited)",
				);
				GCC_PREPROCESSOR_DEFINITIONS = (
					"DEBUG=1",
					"$(inherited)",
				);
				INFOPLIST_FILE = TravisTestTests/Info.plist;
				LD_RUNPATH_SEARCH_PATHS = "$(inherited) @executable_path/Frameworks @loader_path/Frameworks";
				PRODUCT_NAME = "$(TARGET_NAME)";
				TEST_HOST = "$(BUILT_PRODUCTS_DIR)/TravisTest.app/TravisTest";
			};
			name = Debug;
		};
		A7AF1EA71A617745004AA0FF /* Release */ = {
			isa = XCBuildConfiguration;
			buildSettings = {
				BUNDLE_LOADER = "$(TEST_HOST)";
				FRAMEWORK_SEARCH_PATHS = (
					"$(SDKROOT)/Developer/Library/Frameworks",
					"$(inherited)",
				);
				INFOPLIST_FILE = TravisTestTests/Info.plist;
				LD_RUNPATH_SEARCH_PATHS = "$(inherited) @executable_path/Frameworks @loader_path/Frameworks";
				PRODUCT_NAME = "$(TARGET_NAME)";
				TEST_HOST = "$(BUILT_PRODUCTS_DIR)/TravisTest.app/TravisTest";
			};
			name = Release;
		};
/* End XCBuildConfiguration section */

/* Begin XCConfigurationList section */
		A7AF1E7A1A617745004AA0FF /* Build configuration list for PBXProject "TravisTest" */ = {
			isa = XCConfigurationList;
			buildConfigurations = (
				A7AF1EA01A617745004AA0FF /* Debug */,
				A7AF1EA11A617745004AA0FF /* Release */,
			);
			defaultConfigurationIsVisible = 0;
			defaultConfigurationName = Release;
		};
		A7AF1EA21A617745004AA0FF /* Build configuration list for PBXNativeTarget "TravisTest" */ = {
			isa = XCConfigurationList;
			buildConfigurations = (
				A7AF1EA31A617745004AA0FF /* Debug */,
				A7AF1EA41A617745004AA0FF /* Release */,
			);
			defaultConfigurationIsVisible = 0;
			defaultConfigurationName = Release;
		};
		A7AF1EA51A617745004AA0FF /* Build configuration list for PBXNativeTarget "TravisTestTests" */ = {
			isa = XCConfigurationList;
			buildConfigurations = (
				A7AF1EA61A617745004AA0FF /* Debug */,
				A7AF1EA71A617745004AA0FF /* Release */,
			);
			defaultConfigurationIsVisible = 0;
			defaultConfigurationName = Release;
		};
/* End XCConfigurationList section */
	};
	rootObject = A7AF1E771A617745004AA0FF /* Project object */;
}
